
Microsoft Visual Studio Solution File, Format Version 12.00
# Visual Studio Version 17
VisualStudioVersion = 17.9.34728.123
MinimumVisualStudioVersion = 10.0.40219.1
Project("{FAE04EC0-301F-11D3-BF4B-00C04F79EFBC}") = "PhoneRu", "PhoneRu\PhoneRu.csproj", "{D9A2A0BE-1514-4C55-AC84-70F0E90CF887}"
EndProject
Project("{FAE04EC0-301F-11D3-BF4B-00C04F79EFBC}") = "Application", "Application\Application.csproj", "{267F2DC0-8810-4472-97FF-BCB4E2210C71}"
EndProject
Project("{FAE04EC0-301F-11D3-BF4B-00C04F79EFBC}") = "Domain", "Domain\Domain.csproj", "{CDCCCA9F-C4D8-4A4B-8167-1D7C2BF49585}"
EndProject
Project("{FAE04EC0-301F-11D3-BF4B-00C04F79EFBC}") = "Infrastructure", "Infrastructure\Infrastructure.csproj", "{7CC1007D-921D-4528-9846-F6509D1C0D10}"
EndProject
Global
	GlobalSection(SolutionConfigurationPlatforms) = preSolution
		Debug|Any CPU = Debug|Any CPU
		Release|Any CPU = Release|Any CPU
	EndGlobalSection
	GlobalSection(ProjectConfigurationPlatforms) = postSolution
		{D9A2A0BE-1514-4C55-AC84-70F0E90CF887}.Debug|Any CPU.ActiveCfg = Debug|Any CPU
		{D9A2A0BE-1514-4C55-AC84-70F0E90CF887}.Debug|Any CPU.Build.0 = Debug|Any CPU
		{D9A2A0BE-1514-4C55-AC84-70F0E90CF887}.Release|Any CPU.ActiveCfg = Release|Any CPU
		{D9A2A0BE-1514-4C55-AC84-70F0E90CF887}.Release|Any CPU.Build.0 = Release|Any CPU
		{267F2DC0-8810-4472-97FF-BCB4E2210C71}.Debug|Any CPU.ActiveCfg = Debug|Any CPU
		{267F2DC0-8810-4472-97FF-BCB4E2210C71}.Debug|Any CPU.Build.0 = Debug|Any CPU
		{267F2DC0-8810-4472-97FF-BCB4E2210C71}.Release|Any CPU.ActiveCfg = Release|Any CPU
		{267F2DC0-8810-4472-97FF-BCB4E2210C71}.Release|Any CPU.Build.0 = Release|Any CPU
		{CDCCCA9F-C4D8-4A4B-8167-1D7C2BF49585}.Debug|Any CPU.ActiveCfg = Debug|Any CPU
		{CDCCCA9F-C4D8-4A4B-8167-1D7C2BF49585}.Debug|Any CPU.Build.0 = Debug|Any CPU
		{CDCCCA9F-C4D8-4A4B-8167-1D7C2BF49585}.Release|Any CPU.ActiveCfg = Release|Any CPU
		{CDCCCA9F-C4D8-4A4B-8167-1D7C2BF49585}.Release|Any CPU.Build.0 = Release|Any CPU
		{7CC1007D-921D-4528-9846-F6509D1C0D10}.Debug|Any CPU.ActiveCfg = Debug|Any CPU
		{7CC1007D-921D-4528-9846-F6509D1C0D10}.Debug|Any CPU.Build.0 = Debug|Any CPU
		{7CC1007D-921D-4528-9846-F6509D1C0D10}.Release|Any CPU.ActiveCfg = Release|Any CPU
		{7CC1007D-921D-4528-9846-F6509D1C0D10}.Release|Any CPU.Build.0 = Release|Any CPU
	EndGlobalSection
	GlobalSection(SolutionProperties) = preSolution
		HideSolutionNode = FALSE
	EndGlobalSection
	GlobalSection(ExtensibilityGlobals) = postSolution
		SolutionGuid = {88B8E780-75B4-47EB-9514-B64B8BD93831}
	EndGlobalSection
EndGlobal
